{
  "name": "sesi_14",
  "lockfileVersion": 2,
  "requires": true,
  "packages": {
    "": {
      "dependencies": {
        "eas": "^0.1.0"
      }
    },
    "node_modules/eas": {
      "version": "0.1.0",
      "resolved": "https://registry.npmjs.org/eas/-/eas-0.1.0.tgz",
      "integrity": "sha512-w88fTTTkfDLHwcaVW8wiYjOtnBBToguzc6AyIldD1vOrCRTKxhQEDS8oIE7nWeSJ+kCoIeoHd79Mhwvntydixg==",
      "engines": {
        "node": ">=0.10.0"
      }
    }
  },
  "dependencies": {
    "eas": {
      "version": "0.1.0",
      "resolved": "https://registry.npmjs.org/eas/-/eas-0.1.0.tgz",
      "integrity": "sha512-w88fTTTkfDLHwcaVW8wiYjOtnBBToguzc6AyIldD1vOrCRTKxhQEDS8oIE7nWeSJ+kCoIeoHd79Mhwvntydixg=="
    }
  }
}
